
Microsoft Visual Studio Solution File, Format Version 12.00
# Visual Studio 15
VisualStudioVersion = 15.0.27004.2009
MinimumVisualStudioVersion = 10.0.40219.1
Project("{FAE04EC0-301F-11D3-BF4B-00C04F79EFBC}") = "Final.QuickNote", "Final.QuickNote\Final.QuickNote.csproj", "{F1813375-9665-4BD5-A129-054B88D0FC38}"
EndProject
Global
	GlobalSection(SolutionConfigurationPlatforms) = preSolution
		Debug|Any CPU = Debug|Any CPU
		Release|Any CPU = Release|Any CPU
	EndGlobalSection
	GlobalSection(ProjectConfigurationPlatforms) = postSolution
		{F1813375-9665-4BD5-A129-054B88D0FC38}.Debug|Any CPU.ActiveCfg = Debug|Any CPU
		{F1813375-9665-4BD5-A129-054B88D0FC38}.Debug|Any CPU.Build.0 = Debug|Any CPU
		{F1813375-9665-4BD5-A129-054B88D0FC38}.Release|Any CPU.ActiveCfg = Release|Any CPU
		{F1813375-9665-4BD5-A129-054B88D0FC38}.Release|Any CPU.Build.0 = Release|Any CPU
	EndGlobalSection
	GlobalSection(SolutionProperties) = preSolution
		HideSolutionNode = FALSE
	EndGlobalSection
	GlobalSection(ExtensibilityGlobals) = postSolution
		SolutionGuid = {04C9B6C7-E85E-469E-BA13-7D34BC96E610}
	EndGlobalSection
EndGlobal
